<?xml version="1.0" encoding="utf-8"?>
<Project ToolsVersion="4.0" xmlns="http://schemas.microsoft.com/developer/msbuild/2003">
  <ItemGroup>
    <Filter Include="Archivos de origen">
      <UniqueIdentifier>{4FC737F1-C7A5-4376-A066-2A32D752A2FF}</UniqueIdentifier>
      <Extensions>cpp;c;cc;cxx;c++;cppm;ixx;def;odl;idl;hpj;bat;asm;asmx</Extensions>
    </Filter>
    <Filter Include="Archivos de encabezado">
      <UniqueIdentifier>{93995380-89BD-4b04-88EB-625FBE52EBFB}</UniqueIdentifier>
      <Extensions>h;hh;hpp;hxx;h++;hm;inl;inc;ipp;xsd</Extensions>
    </Filter>
    <Filter Include="Archivos de recursos">
      <UniqueIdentifier>{67DA6AB6-F800-4c08-8B7A-83BB121AAD01}</UniqueIdentifier>
      <Extensions>rc;ico;cur;bmp;dlg;rc2;rct;bin;rgs;gif;jpg;jpeg;jpe;resx;tiff;tif;png;wav;mfcribbon-ms</Extensions>
    </Filter>
    <Filter Include="Archivos de encabezado\Graficos">
      <UniqueIdentifier>{4f7e4e71-9794-4fef-8f04-7f3fc233cca2}</UniqueIdentifier>
    </Filter>
    <Filter Include="Archivos de encabezado\Mecanicas">
      <UniqueIdentifier>{a94dc785-2ec7-41da-aa88-c63b48c32b2a}</UniqueIdentifier>
    </Filter>
    <Filter Include="Archivos de encabezado\Globales">
      <UniqueIdentifier>{62faa3ea-73d7-49e5-b0c8-986ec76847f4}</UniqueIdentifier>
    </Filter>
    <Filter Include="Archivos de origen\Graficos">
      <UniqueIdentifier>{3c278af4-684d-4aa6-af80-523e1dba9965}</UniqueIdentifier>
    </Filter>
    <Filter Include="Archivos de origen\Mecanicas">
      <UniqueIdentifier>{62e9ecd1-45a7-43e0-970b-9dfb1037a4c5}</UniqueIdentifier>
    </Filter>
    <Filter Include="Archivos de origen\Globales">
      <UniqueIdentifier>{e235a68f-7e45-40b0-8e41-41f7bc8f2a75}</UniqueIdentifier>
    </Filter>
    <Filter Include="Archivos de encabezado\Graficos\Objetos">
      <UniqueIdentifier>{52561304-9644-427e-8062-9b7f7d27b8dc}</UniqueIdentifier>
    </Filter>
    <Filter Include="Archivos de encabezado\Graficos\Sprites">
      <UniqueIdentifier>{fbb25fe6-94ba-46ef-bf6a-969acf15e376}</UniqueIdentifier>
    </Filter>
    <Filter Include="Archivos de origen\Graficos\Objetos">
      <UniqueIdentifier>{73a9891d-4f89-4ca2-8f39-2789be6514ac}</UniqueIdentifier>
    </Filter>
    <Filter Include="Archivos de origen\Graficos\Sprites">
      <UniqueIdentifier>{40be6f10-18b4-43ba-bfae-8d4ce2be34c4}</UniqueIdentifier>
    </Filter>
  </ItemGroup>
  <ItemGroup>
    <ClCompile Include="Info.cpp">
      <Filter>Archivos de origen</Filter>
    </ClCompile>
    <ClCompile Include="src\mundo.cpp">
      <Filter>Archivos de origen\Graficos</Filter>
    </ClCompile>
    <ClCompile Include="src\peon.cpp">
      <Filter>Archivos de origen\Mecanicas</Filter>
    </ClCompile>
    <ClCompile Include="src\pieza.cpp">
      <Filter>Archivos de origen\Mecanicas</Filter>
    </ClCompile>
    <ClCompile Include="src\tablero.cpp">
      <Filter>Archivos de origen\Mecanicas</Filter>
    </ClCompile>
    <ClCompile Include="src\Vector2D.cpp">
      <Filter>Archivos de origen\Globales</Filter>
    </ClCompile>
    <ClCompile Include="src\Vector3D.cpp">
      <Filter>Archivos de origen\Globales</Filter>
    </ClCompile>
    <ClCompile Include="src\Color.cpp">
      <Filter>Archivos de origen\Globales</Filter>
    </ClCompile>
    <ClCompile Include="src\alfil.cpp">
      <Filter>Archivos de origen\Mecanicas</Filter>
    </ClCompile>
    <ClCompile Include="src\caballo.cpp">
      <Filter>Archivos de origen\Mecanicas</Filter>
    </ClCompile>
    <ClCompile Include="src\reina.cpp">
      <Filter>Archivos de origen\Mecanicas</Filter>
    </ClCompile>
    <ClCompile Include="src\rey.cpp">
      <Filter>Archivos de origen\Mecanicas</Filter>
    </ClCompile>
    <ClCompile Include="src\torre.cpp">
      <Filter>Archivos de origen\Mecanicas</Filter>
    </ClCompile>
    <ClCompile Include="src\sprite3D.cpp">
      <Filter>Archivos de origen\Graficos</Filter>
    </ClCompile>

    <ClCompile Include="src\Jugador.cpp">
      <Filter>Archivos de origen</Filter>
    </ClCompile>
    <ClCompile Include="src\ListaPiezas.cpp">
      <Filter>Archivos de origen</Filter>
    </ClCompile>
    <ClCompile Include="src\Partida.cpp">
      <Filter>Archivos de origen</Filter>

    <ClCompile Include="src\cara.cpp">
      <Filter>Archivos de origen\Graficos\Objetos</Filter>
    </ClCompile>
    <ClCompile Include="src\circulos.cpp">
      <Filter>Archivos de origen\Graficos\Objetos</Filter>
    </ClCompile>
    <ClCompile Include="src\estela.cpp">
      <Filter>Archivos de origen\Graficos\Objetos</Filter>
    </ClCompile>
    <ClCompile Include="src\pared.cpp">
      <Filter>Archivos de origen\Graficos\Objetos</Filter>
    </ClCompile>
    <ClCompile Include="src\particulas.cpp">
      <Filter>Archivos de origen\Graficos\Objetos</Filter>
    </ClCompile>
    <ClCompile Include="src\plataforma.cpp">
      <Filter>Archivos de origen\Graficos\Objetos</Filter>
    </ClCompile>
    <ClCompile Include="src\listapiezas.cpp">
      <Filter>Archivos de origen\Graficos\Sprites</Filter>
    </ClCompile>
    <ClCompile Include="src\piezagraf.cpp">
      <Filter>Archivos de origen\Graficos\Sprites</Filter>
    </ClCompile>
    <ClCompile Include="src\vectabl.cpp">
      <Filter>Archivos de origen\Graficos\Sprites</Filter>

    </ClCompile>
  </ItemGroup>
  <ItemGroup>
    <ClInclude Include="src\mundo.h">
      <Filter>Archivos de encabezado\Graficos</Filter>
    </ClInclude>
    <ClInclude Include="src\peon.h">
      <Filter>Archivos de encabezado\Mecanicas</Filter>
    </ClInclude>
    <ClInclude Include="src\pieza.h">
      <Filter>Archivos de encabezado\Mecanicas</Filter>
    </ClInclude>
    <ClInclude Include="src\tablero.h">
      <Filter>Archivos de encabezado\Mecanicas</Filter>
    </ClInclude>
    <ClInclude Include="src\Vector2D.h">
      <Filter>Archivos de encabezado\Globales</Filter>
    </ClInclude>
    <ClInclude Include="src\Vector3D.h">
      <Filter>Archivos de encabezado\Globales</Filter>
    </ClInclude>
    <ClInclude Include="src\Color.h">
      <Filter>Archivos de encabezado\Globales</Filter>
    </ClInclude>
    <ClInclude Include="src\alfil.h">
      <Filter>Archivos de encabezado\Mecanicas</Filter>
    </ClInclude>
    <ClInclude Include="src\caballo.h">
      <Filter>Archivos de encabezado\Mecanicas</Filter>
    </ClInclude>
    <ClInclude Include="src\reina.h">
      <Filter>Archivos de encabezado\Mecanicas</Filter>
    </ClInclude>
    <ClInclude Include="src\rey.h">
      <Filter>Archivos de encabezado\Mecanicas</Filter>
    </ClInclude>
    <ClInclude Include="src\torre.h">
      <Filter>Archivos de encabezado\Mecanicas</Filter>
    </ClInclude>
    <ClInclude Include="src\cara.h">
      <Filter>Archivos de encabezado\Graficos\Objetos</Filter>
    </ClInclude>
    <ClInclude Include="src\circulos.h">
      <Filter>Archivos de encabezado\Graficos\Objetos</Filter>
    </ClInclude>
    <ClInclude Include="src\estela.h">
      <Filter>Archivos de encabezado\Graficos\Objetos</Filter>
    </ClInclude>
    <ClInclude Include="src\pared.h">
      <Filter>Archivos de encabezado\Graficos\Objetos</Filter>
    </ClInclude>
    <ClInclude Include="src\particulas.h">
      <Filter>Archivos de encabezado\Graficos\Objetos</Filter>
    </ClInclude>
    <ClInclude Include="src\plataforma.h">
      <Filter>Archivos de encabezado\Graficos\Objetos</Filter>
    </ClInclude>
    <ClInclude Include="src\sprite3D.h">
      <Filter>Archivos de encabezado\Graficos\Sprites</Filter>
    </ClInclude>
    <ClInclude Include="src\listapiezas.h">
      <Filter>Archivos de encabezado\Graficos\Sprites</Filter>
    </ClInclude>
    <ClInclude Include="src\piezagraf.h">
      <Filter>Archivos de encabezado\Graficos\Sprites</Filter>
    </ClInclude>
    <ClInclude Include="src\vectabl.h">
      <Filter>Archivos de encabezado\Graficos\Sprites</Filter>
    </ClInclude>
    <ClInclude Include="Matriz.h">
      <Filter>Archivos de encabezado\Globales</Filter>
    </ClInclude>
    <ClInclude Include="src\Jugador.h">
      <Filter>Archivos de encabezado</Filter>
    </ClInclude>
    <ClInclude Include="src\ListaPiezas.h">
      <Filter>Archivos de encabezado</Filter>
    </ClInclude>
    <ClInclude Include="src\Puntuacion.h">
      <Filter>Archivos de encabezado</Filter>
    </ClInclude>
    <ClInclude Include="src\Tiempo.h">
      <Filter>Archivos de encabezado</Filter>
    </ClInclude>
    <ClInclude Include="src\Partida.h">
      <Filter>Archivos de encabezado</Filter>
    </ClInclude>
  </ItemGroup>
  <ItemGroup>
    <Image Include="bin\rc\board.png">
      <Filter>Archivos de recursos</Filter>
    </Image>
    <Image Include="bin\rc\indicators.png">
      <Filter>Archivos de recursos</Filter>
    </Image>
    <Image Include="bin\rc\pieces.png">
      <Filter>Archivos de recursos</Filter>
    </Image>
  </ItemGroup>
</Project>