<?xml version="1.0" encoding="utf-8"?>
<Project ToolsVersion="4.0" xmlns="http://schemas.microsoft.com/developer/msbuild/2003">
  <ItemGroup>
    <ClCompile Include="src\Color.cpp">
      <Filter>Archivos de origen\Globales</Filter>
    </ClCompile>
    <ClCompile Include="src\alfil.cpp">
      <Filter>Archivos de origen\Mecanicas</Filter>
    </ClCompile>
    <ClCompile Include="src\caballo.cpp">
      <Filter>Archivos de origen\Mecanicas</Filter>
    </ClCompile>
    <ClCompile Include="src\cara.cpp">
      <Filter>Archivos de origen\Graficos</Filter>
    </ClCompile>
    <ClCompile Include="src\circulos.cpp">
      <Filter>Archivos de origen\Graficos</Filter>
    </ClCompile>
    <ClCompile Include="src\estela.cpp">
      <Filter>Archivos de origen\Graficos</Filter>
    </ClCompile>
    <ClCompile Include="Info.cpp">
      <Filter>Archivos de origen\Mecanicas</Filter>
    </ClCompile>
    <ClCompile Include="src\Jugador.cpp">
      <Filter>Archivos de origen\Mecanicas</Filter>
    </ClCompile>
    <ClCompile Include="src\ListaPiezas.cpp">
      <Filter>Archivos de origen\Mecanicas</Filter>
    </ClCompile>
    <ClCompile Include="src\Menu.cpp">
      <Filter>Archivos de origen\Mecanicas</Filter>
    </ClCompile>
    <ClCompile Include="src\mundo.cpp">
      <Filter>Archivos de origen\Graficos</Filter>
    </ClCompile>
    <ClCompile Include="src\pared.cpp">
      <Filter>Archivos de origen\Graficos</Filter>
    </ClCompile>
    <ClCompile Include="src\particulas.cpp">
      <Filter>Archivos de origen\Graficos</Filter>
    </ClCompile>
    <ClCompile Include="src\Partida.cpp">
      <Filter>Archivos de origen\Mecanicas</Filter>
    </ClCompile>
    <ClCompile Include="src\peon.cpp">
      <Filter>Archivos de origen\Mecanicas</Filter>
    </ClCompile>
    <ClCompile Include="src\pieza.cpp">
      <Filter>Archivos de origen\Mecanicas</Filter>
    </ClCompile>
    <ClCompile Include="src\piezagraf.cpp">
      <Filter>Archivos de origen\Graficos</Filter>
    </ClCompile>
    <ClCompile Include="src\plataforma.cpp">
      <Filter>Archivos de origen\Graficos</Filter>
    </ClCompile>
    <ClCompile Include="src\reina.cpp">
      <Filter>Archivos de origen\Mecanicas</Filter>
    </ClCompile>
    <ClCompile Include="src\rey.cpp">
      <Filter>Archivos de origen\Mecanicas</Filter>
    </ClCompile>
    <ClCompile Include="src\sprite3D.cpp">
      <Filter>Archivos de origen\Graficos</Filter>
    </ClCompile>
    <ClCompile Include="src\tablero.cpp">
      <Filter>Archivos de origen\Mecanicas</Filter>
    </ClCompile>
    <ClCompile Include="src\torre.cpp">
      <Filter>Archivos de origen\Mecanicas</Filter>
    </ClCompile>
    <ClCompile Include="src\vectabl.cpp">
      <Filter>Archivos de origen\Graficos</Filter>
    </ClCompile>
    <ClCompile Include="src\Vector2D.cpp">
      <Filter>Archivos de origen\Globales</Filter>
    </ClCompile>
    <ClCompile Include="src\Vector3D.cpp">
      <Filter>Archivos de origen\Globales</Filter>
    </ClCompile>
  </ItemGroup>
  <ItemGroup>
    <ClInclude Include="src\alfil.h">
      <Filter>Archivos de encabezado\Mecanicas</Filter>
    </ClInclude>
    <ClInclude Include="src\caballo.h">
      <Filter>Archivos de encabezado\Mecanicas</Filter>
    </ClInclude>
    <ClInclude Include="src\cara.h">
      <Filter>Archivos de encabezado\Graficos</Filter>
    </ClInclude>
    <ClInclude Include="src\Casilla.h">
      <Filter>Archivos de encabezado\Globales</Filter>
    </ClInclude>
    <ClInclude Include="src\circulos.h">
      <Filter>Archivos de encabezado\Graficos</Filter>
    </ClInclude>
    <ClInclude Include="src\Color.h">
      <Filter>Archivos de encabezado\Globales</Filter>
    </ClInclude>
    <ClInclude Include="src\estela.h">
      <Filter>Archivos de encabezado\Graficos</Filter>
    </ClInclude>
    <ClInclude Include="src\DATOS_DIBUJO.h">
      <Filter>Archivos de encabezado\Globales</Filter>
    </ClInclude>
    <ClInclude Include="src\Jugador.h">
      <Filter>Archivos de encabezado\Mecanicas</Filter>
    </ClInclude>
    <ClInclude Include="src\ListaPiezas.h">
      <Filter>Archivos de encabezado\Mecanicas</Filter>
    </ClInclude>
    <ClInclude Include="src\Menu.h">
      <Filter>Archivos de encabezado\Mecanicas</Filter>
    </ClInclude>
    <ClInclude Include="src\mundo.h">
      <Filter>Archivos de encabezado\Graficos</Filter>
    </ClInclude>
    <ClInclude Include="src\pared.h">
      <Filter>Archivos de encabezado\Graficos</Filter>
    </ClInclude>
    <ClInclude Include="src\particulas.h">
      <Filter>Archivos de encabezado\Graficos</Filter>
    </ClInclude>
    <ClInclude Include="src\Partida.h">
      <Filter>Archivos de encabezado\Mecanicas</Filter>
    </ClInclude>
    <ClInclude Include="src\peon.h">
      <Filter>Archivos de encabezado\Mecanicas</Filter>
    </ClInclude>
    <ClInclude Include="src\pieza.h">
      <Filter>Archivos de encabezado\Mecanicas</Filter>
    </ClInclude>
    <ClInclude Include="src\piezagraf.h">
      <Filter>Archivos de encabezado\Graficos</Filter>
    </ClInclude>
    <ClInclude Include="src\plataforma.h">
      <Filter>Archivos de encabezado\Graficos</Filter>
    </ClInclude>
    <ClInclude Include="src\Puntuacion.h">
      <Filter>Archivos de encabezado\Globales</Filter>
    </ClInclude>
    <ClInclude Include="src\reina.h">
      <Filter>Archivos de encabezado\Mecanicas</Filter>
    </ClInclude>
    <ClInclude Include="src\rey.h">
      <Filter>Archivos de encabezado\Mecanicas</Filter>
    </ClInclude>
    <ClInclude Include="src\sprite3D.h">
      <Filter>Archivos de encabezado\Mecanicas</Filter>
    </ClInclude>
    <ClInclude Include="src\tablero.h">
      <Filter>Archivos de encabezado\Mecanicas</Filter>
    </ClInclude>
    <ClInclude Include="src\torre.h">
      <Filter>Archivos de encabezado\Mecanicas</Filter>
    </ClInclude>
    <ClInclude Include="src\Tiempo.h">
      <Filter>Archivos de encabezado\Globales</Filter>
    </ClInclude>
    <ClInclude Include="src\vectabl.h">
      <Filter>Archivos de encabezado\Graficos</Filter>
    </ClInclude>
    <ClInclude Include="src\Vector2D.h">
      <Filter>Archivos de encabezado\Globales</Filter>
    </ClInclude>
    <ClInclude Include="src\Vector3D.h">
      <Filter>Archivos de encabezado\Globales</Filter>
    </ClInclude>
  </ItemGroup>
  <ItemGroup>
    <Image Include="bin\rc\board.png">
      <Filter>Archivos de recursos</Filter>
    </Image>
    <Image Include="bin\rc\indicators.png">
      <Filter>Archivos de recursos</Filter>
    </Image>
    <Image Include="bin\rc\pieces.png">
      <Filter>Archivos de recursos</Filter>
    </Image>
  </ItemGroup>
  <ItemGroup>
    <Filter Include="Archivos de encabezado">
      <UniqueIdentifier>{3e73bd83-87c6-45ed-a035-104d6c029cf7}</UniqueIdentifier>
    </Filter>
    <Filter Include="Archivos de encabezado\Globales">
      <UniqueIdentifier>{ed65fd3e-e018-4593-b512-62ea7321371f}</UniqueIdentifier>
    </Filter>
    <Filter Include="Archivos de encabezado\Graficos">
      <UniqueIdentifier>{4a6210b3-2a40-44a9-bf13-17b5a03ac1b9}</UniqueIdentifier>
    </Filter>
    <Filter Include="Archivos de encabezado\Mecanicas">
      <UniqueIdentifier>{9cd0af95-40be-444f-a1b2-694924c463e1}</UniqueIdentifier>
    </Filter>
    <Filter Include="Archivos de origen">
      <UniqueIdentifier>{bdb3acf1-9811-476e-9f2b-401b34a6486a}</UniqueIdentifier>
    </Filter>
    <Filter Include="Archivos de origen\Globales">
      <UniqueIdentifier>{02cae9fa-499e-43d5-af22-730d4e48d4cc}</UniqueIdentifier>
    </Filter>
    <Filter Include="Archivos de origen\Graficos">
      <UniqueIdentifier>{17203839-1ed2-4310-9bd5-dec9c537c62b}</UniqueIdentifier>
    </Filter>
    <Filter Include="Archivos de origen\Mecanicas">
      <UniqueIdentifier>{0996964e-9bc6-4331-af3c-c618f13854d2}</UniqueIdentifier>
    </Filter>
    <Filter Include="Archivos de recursos">
      <UniqueIdentifier>{f5833573-94ba-4473-ac89-bb78f9cfe47c}</UniqueIdentifier>
    </Filter>
  </ItemGroup>
</Project>